// !$*UTF8*$!
{
	archiveVersion = 1;
	classes = {
	};
	objectVersion = 50;
	objects = {

/* Begin PBXBuildFile section */
		9F204BFC211A65E200678034 /* AppDelegate.swift in Sources */ = {isa = PBXBuildFile; fileRef = 9F204BFB211A65E200678034 /* AppDelegate.swift */; };
		9F204C01211A65E200678034 /* Main.storyboard in Resources */ = {isa = PBXBuildFile; fileRef = 9F204BFF211A65E200678034 /* Main.storyboard */; };
		9F204C03211A65E300678034 /* Assets.xcassets in Resources */ = {isa = PBXBuildFile; fileRef = 9F204C02211A65E300678034 /* Assets.xcassets */; };
		9F204C06211A65E300678034 /* LaunchScreen.storyboard in Resources */ = {isa = PBXBuildFile; fileRef = 9F204C04211A65E300678034 /* LaunchScreen.storyboard */; };
		9F204C11211A65E300678034 /* HomepwnerTests.swift in Sources */ = {isa = PBXBuildFile; fileRef = 9F204C10211A65E300678034 /* HomepwnerTests.swift */; };
		9F204C1C211A65E300678034 /* HomepwnerUITests.swift in Sources */ = {isa = PBXBuildFile; fileRef = 9F204C1B211A65E300678034 /* HomepwnerUITests.swift */; };
		9F204C2A211A66B000678034 /* ItemsViewController.swift in Sources */ = {isa = PBXBuildFile; fileRef = 9F204C29211A66B000678034 /* ItemsViewController.swift */; };
		9F204C2C211A681A00678034 /* Item.swift in Sources */ = {isa = PBXBuildFile; fileRef = 9F204C2B211A681A00678034 /* Item.swift */; };
		9F204C2E211A6A2900678034 /* ItemsStore.swift in Sources */ = {isa = PBXBuildFile; fileRef = 9F204C2D211A6A2900678034 /* ItemsStore.swift */; };
		9F204C30211D04D000678034 /* ItemCell.swift in Sources */ = {isa = PBXBuildFile; fileRef = 9F204C2F211D04D000678034 /* ItemCell.swift */; };
		9F204C32211E62BE00678034 /* DetailViewController.swift in Sources */ = {isa = PBXBuildFile; fileRef = 9F204C31211E62BE00678034 /* DetailViewController.swift */; };
		9FFE2C742124CDC300642ECA /* ImageStore.swift in Sources */ = {isa = PBXBuildFile; fileRef = 9FFE2C732124CDC300642ECA /* ImageStore.swift */; };
/* End PBXBuildFile section */

/* Begin PBXContainerItemProxy section */
		9F204C0D211A65E300678034 /* PBXContainerItemProxy */ = {
			isa = PBXContainerItemProxy;
			containerPortal = 9F204BF0211A65E200678034 /* Project object */;
			proxyType = 1;
			remoteGlobalIDString = 9F204BF7211A65E200678034;
			remoteInfo = Homepwner;
		};
		9F204C18211A65E300678034 /* PBXContainerItemProxy */ = {
			isa = PBXContainerItemProxy;
			containerPortal = 9F204BF0211A65E200678034 /* Project object */;
			proxyType = 1;
			remoteGlobalIDString = 9F204BF7211A65E200678034;
			remoteInfo = Homepwner;
		};
/* End PBXContainerItemProxy section */

/* Begin PBXFileReference section */
		9F204BF8211A65E200678034 /* Homepwner.app */ = {isa = PBXFileReference; explicitFileType = wrapper.application; includeInIndex = 0; path = Homepwner.app; sourceTree = BUILT_PRODUCTS_DIR; };
		9F204BFB211A65E200678034 /* AppDelegate.swift */ = {isa = PBXFileReference; lastKnownFileType = sourcecode.swift; path = AppDelegate.swift; sourceTree = "<group>"; };
		9F204C00211A65E200678034 /* Base */ = {isa = PBXFileReference; lastKnownFileType = file.storyboard; name = Base; path = Base.lproj/Main.storyboard; sourceTree = "<group>"; };
		9F204C02211A65E300678034 /* Assets.xcassets */ = {isa = PBXFileReference; lastKnownFileType = folder.assetcatalog; path = Assets.xcassets; sourceTree = "<group>"; };
		9F204C05211A65E300678034 /* Base */ = {isa = PBXFileReference; lastKnownFileType = file.storyboard; name = Base; path = Base.lproj/LaunchScreen.storyboard; sourceTree = "<group>"; };
		9F204C07211A65E300678034 /* Info.plist */ = {isa = PBXFileReference; lastKnownFileType = text.plist.xml; path = Info.plist; sourceTree = "<group>"; };
		9F204C0C211A65E300678034 /* HomepwnerTests.xctest */ = {isa = PBXFileReference; explicitFileType = wrapper.cfbundle; includeInIndex = 0; path = HomepwnerTests.xctest; sourceTree = BUILT_PRODUCTS_DIR; };
		9F204C10211A65E300678034 /* HomepwnerTests.swift */ = {isa = PBXFileReference; lastKnownFileType = sourcecode.swift; path = HomepwnerTests.swift; sourceTree = "<group>"; };
		9F204C12211A65E300678034 /* Info.plist */ = {isa = PBXFileReference; lastKnownFileType = text.plist.xml; path = Info.plist; sourceTree = "<group>"; };
		9F204C17211A65E300678034 /* HomepwnerUITests.xctest */ = {isa = PBXFileReference; explicitFileType = wrapper.cfbundle; includeInIndex = 0; path = HomepwnerUITests.xctest; sourceTree = BUILT_PRODUCTS_DIR; };
		9F204C1B211A65E300678034 /* HomepwnerUITests.swift */ = {isa = PBXFileReference; lastKnownFileType = sourcecode.swift; path = HomepwnerUITests.swift; sourceTree = "<group>"; };
		9F204C1D211A65E300678034 /* Info.plist */ = {isa = PBXFileReference; lastKnownFileType = text.plist.xml; path = Info.plist; sourceTree = "<group>"; };
		9F204C29211A66B000678034 /* ItemsViewController.swift */ = {isa = PBXFileReference; lastKnownFileType = sourcecode.swift; path = ItemsViewController.swift; sourceTree = "<group>"; };
		9F204C2B211A681A00678034 /* Item.swift */ = {isa = PBXFileReference; lastKnownFileType = sourcecode.swift; path = Item.swift; sourceTree = "<group>"; };
		9F204C2D211A6A2900678034 /* ItemsStore.swift */ = {isa = PBXFileReference; lastKnownFileType = sourcecode.swift; path = ItemsStore.swift; sourceTree = "<group>"; };
		9F204C2F211D04D000678034 /* ItemCell.swift */ = {isa = PBXFileReference; lastKnownFileType = sourcecode.swift; path = ItemCell.swift; sourceTree = "<group>"; };
		9F204C31211E62BE00678034 /* DetailViewController.swift */ = {isa = PBXFileReference; lastKnownFileType = sourcecode.swift; path = DetailViewController.swift; sourceTree = "<group>"; };
		9FFE2C732124CDC300642ECA /* ImageStore.swift */ = {isa = PBXFileReference; lastKnownFileType = sourcecode.swift; path = ImageStore.swift; sourceTree = "<group>"; };
/* End PBXFileReference section */

/* Begin PBXFrameworksBuildPhase section */
		9F204BF5211A65E200678034 /* Frameworks */ = {
			isa = PBXFrameworksBuildPhase;
			buildActionMask = 2147483647;
			files = (
			);
			runOnlyForDeploymentPostprocessing = 0;
		};
		9F204C09211A65E300678034 /* Frameworks */ = {
			isa = PBXFrameworksBuildPhase;
			buildActionMask = 2147483647;
			files = (
			);
			runOnlyForDeploymentPostprocessing = 0;
		};
		9F204C14211A65E300678034 /* Frameworks */ = {
			isa = PBXFrameworksBuildPhase;
			buildActionMask = 2147483647;
			files = (
			);
			runOnlyForDeploymentPostprocessing = 0;
		};
/* End PBXFrameworksBuildPhase section */

/* Begin PBXGroup section */
		9F204BEF211A65E200678034 = {
			isa = PBXGroup;
			children = (
				9F204BFA211A65E200678034 /* Homepwner */,
				9F204C0F211A65E300678034 /* HomepwnerTests */,
				9F204C1A211A65E300678034 /* HomepwnerUITests */,
				9F204BF9211A65E200678034 /* Products */,
			);
			sourceTree = "<group>";
		};
		9F204BF9211A65E200678034 /* Products */ = {
			isa = PBXGroup;
			children = (
				9F204BF8211A65E200678034 /* Homepwner.app */,
				9F204C0C211A65E300678034 /* HomepwnerTests.xctest */,
				9F204C17211A65E300678034 /* HomepwnerUITests.xctest */,
			);
			name = Products;
			sourceTree = "<group>";
		};
		9F204BFA211A65E200678034 /* Homepwner */ = {
			isa = PBXGroup;
			children = (
				9F204BFB211A65E200678034 /* AppDelegate.swift */,
				9F204C29211A66B000678034 /* ItemsViewController.swift */,
				9F204C2D211A6A2900678034 /* ItemsStore.swift */,
				9F204C2F211D04D000678034 /* ItemCell.swift */,
				9F204C31211E62BE00678034 /* DetailViewController.swift */,
				9FFE2C732124CDC300642ECA /* ImageStore.swift */,
				9F204C2B211A681A00678034 /* Item.swift */,
				9F204BFF211A65E200678034 /* Main.storyboard */,
				9F204C02211A65E300678034 /* Assets.xcassets */,
				9F204C04211A65E300678034 /* LaunchScreen.storyboard */,
				9F204C07211A65E300678034 /* Info.plist */,
			);
			path = Homepwner;
			sourceTree = "<group>";
		};
		9F204C0F211A65E300678034 /* HomepwnerTests */ = {
			isa = PBXGroup;
			children = (
				9F204C10211A65E300678034 /* HomepwnerTests.swift */,
				9F204C12211A65E300678034 /* Info.plist */,
			);
			path = HomepwnerTests;
			sourceTree = "<group>";
		};
		9F204C1A211A65E300678034 /* HomepwnerUITests */ = {
			isa = PBXGroup;
			children = (
				9F204C1B211A65E300678034 /* HomepwnerUITests.swift */,
				9F204C1D211A65E300678034 /* Info.plist */,
			);
			path = HomepwnerUITests;
			sourceTree = "<group>";
		};
/* End PBXGroup section */

/* Begin PBXNativeTarget section */
		9F204BF7211A65E200678034 /* Homepwner */ = {
			isa = PBXNativeTarget;
			buildConfigurationList = 9F204C20211A65E300678034 /* Build configuration list for PBXNativeTarget "Homepwner" */;
			buildPhases = (
				9F204BF4211A65E200678034 /* Sources */,
				9F204BF5211A65E200678034 /* Frameworks */,
				9F204BF6211A65E200678034 /* Resources */,
			);
			buildRules = (
			);
			dependencies = (
			);
			name = Homepwner;
			productName = Homepwner;
			productReference = 9F204BF8211A65E200678034 /* Homepwner.app */;
			productType = "com.apple.product-type.application";
		};
		9F204C0B211A65E300678034 /* HomepwnerTests */ = {
			isa = PBXNativeTarget;
			buildConfigurationList = 9F204C23211A65E300678034 /* Build configuration list for PBXNativeTarget "HomepwnerTests" */;
			buildPhases = (
				9F204C08211A65E300678034 /* Sources */,
				9F204C09211A65E300678034 /* Frameworks */,
				9F204C0A211A65E300678034 /* Resources */,
			);
			buildRules = (
			);
			dependencies = (
				9F204C0E211A65E300678034 /* PBXTargetDependency */,
			);
			name = HomepwnerTests;
			productName = HomepwnerTests;
			productReference = 9F204C0C211A65E300678034 /* HomepwnerTests.xctest */;
			productType = "com.apple.product-type.bundle.unit-test";
		};
		9F204C16211A65E300678034 /* HomepwnerUITests */ = {
			isa = PBXNativeTarget;
			buildConfigurationList = 9F204C26211A65E300678034 /* Build configuration list for PBXNativeTarget "HomepwnerUITests" */;
			buildPhases = (
				9F204C13211A65E300678034 /* Sources */,
				9F204C14211A65E300678034 /* Frameworks */,
				9F204C15211A65E300678034 /* Resources */,
			);
			buildRules = (
			);
			dependencies = (
				9F204C19211A65E300678034 /* PBXTargetDependency */,
			);
			name = HomepwnerUITests;
			productName = HomepwnerUITests;
			productReference = 9F204C17211A65E300678034 /* HomepwnerUITests.xctest */;
			productType = "com.apple.product-type.bundle.ui-testing";
		};
/* End PBXNativeTarget section */

/* Begin PBXProject section */
		9F204BF0211A65E200678034 /* Project object */ = {
			isa = PBXProject;
			attributes = {
				LastSwiftUpdateCheck = 0940;
				LastUpgradeCheck = 0940;
				ORGANIZATIONNAME = Bogdan_Abaev.inc;
				TargetAttributes = {
					9F204BF7211A65E200678034 = {
						CreatedOnToolsVersion = 9.4.1;
					};
					9F204C0B211A65E300678034 = {
						CreatedOnToolsVersion = 9.4.1;
						TestTargetID = 9F204BF7211A65E200678034;
					};
					9F204C16211A65E300678034 = {
						CreatedOnToolsVersion = 9.4.1;
						TestTargetID = 9F204BF7211A65E200678034;
					};
				};
			};
			buildConfigurationList = 9F204BF3211A65E200678034 /* Build configuration list for PBXProject "Homepwner" */;
			compatibilityVersion = "Xcode 9.3";
			developmentRegion = en;
			hasScannedForEncodings = 0;
			knownRegions = (
				en,
				Base,
			);
			mainGroup = 9F204BEF211A65E200678034;
			productRefGroup = 9F204BF9211A65E200678034 /* Products */;
			projectDirPath = "";
			projectRoot = "";
			targets = (
				9F204BF7211A65E200678034 /* Homepwner */,
				9F204C0B211A65E300678034 /* HomepwnerTests */,
				9F204C16211A65E300678034 /* HomepwnerUITests */,
			);
		};
/* End PBXProject section */

/* Begin PBXResourcesBuildPhase section */
		9F204BF6211A65E200678034 /* Resources */ = {
			isa = PBXResourcesBuildPhase;
			buildActionMask = 2147483647;
			files = (
				9F204C06211A65E300678034 /* LaunchScreen.storyboard in Resources */,
				9F204C03211A65E300678034 /* Assets.xcassets in Resources */,
				9F204C01211A65E200678034 /* Main.storyboard in Resources */,
			);
			runOnlyForDeploymentPostprocessing = 0;
		};
		9F204C0A211A65E300678034 /* Resources */ = {
			isa = PBXResourcesBuildPhase;
			buildActionMask = 2147483647;
			files = (
			);
			runOnlyForDeploymentPostprocessing = 0;
		};
		9F204C15211A65E300678034 /* Resources */ = {
			isa = PBXResourcesBuildPhase;
			buildActionMask = 2147483647;
			files = (
			);
			runOnlyForDeploymentPostprocessing = 0;
		};
/* End PBXResourcesBuildPhase section */

/* Begin PBXSourcesBuildPhase section */
		9F204BF4211A65E200678034 /* Sources */ = {
			isa = PBXSourcesBuildPhase;
			buildActionMask = 2147483647;
			files = (
				9F204C2A211A66B000678034 /* ItemsViewController.swift in Sources */,
				9F204C2C211A681A00678034 /* Item.swift in Sources */,
				9F204C2E211A6A2900678034 /* ItemsStore.swift in Sources */,
				9F204C32211E62BE00678034 /* DetailViewController.swift in Sources */,
				9F204BFC211A65E200678034 /* AppDelegate.swift in Sources */,
				9FFE2C742124CDC300642ECA /* ImageStore.swift in Sources */,
				9F204C30211D04D000678034 /* ItemCell.swift in Sources */,
			);
			runOnlyForDeploymentPostprocessing = 0;
		};
		9F204C08211A65E300678034 /* Sources */ = {
			isa = PBXSourcesBuildPhase;
			buildActionMask = 2147483647;
			files = (
				9F204C11211A65E300678034 /* HomepwnerTests.swift in Sources */,
			);
			runOnlyForDeploymentPostprocessing = 0;
		};
		9F204C13211A65E300678034 /* Sources */ = {
			isa = PBXSourcesBuildPhase;
			buildActionMask = 2147483647;
			files = (
				9F204C1C211A65E300678034 /* HomepwnerUITests.swift in Sources */,
			);
			runOnlyForDeploymentPostprocessing = 0;
		};
/* End PBXSourcesBuildPhase section */

/* Begin PBXTargetDependency section */
		9F204C0E211A65E300678034 /* PBXTargetDependency */ = {
			isa = PBXTargetDependency;
			target = 9F204BF7211A65E200678034 /* Homepwner */;
			targetProxy = 9F204C0D211A65E300678034 /* PBXContainerItemProxy */;
		};
		9F204C19211A65E300678034 /* PBXTargetDependency */ = {
			isa = PBXTargetDependency;
			target = 9F204BF7211A65E200678034 /* Homepwner */;
			targetProxy = 9F204C18211A65E300678034 /* PBXContainerItemProxy */;
		};
/* End PBXTargetDependency section */

/* Begin PBXVariantGroup section */
		9F204BFF211A65E200678034 /* Main.storyboard */ = {
			isa = PBXVariantGroup;
			children = (
				9F204C00211A65E200678034 /* Base */,
			);
			name = Main.storyboard;
			sourceTree = "<group>";
		};
		9F204C04211A65E300678034 /* LaunchScreen.storyboard */ = {
			isa = PBXVariantGroup;
			children = (
				9F204C05211A65E300678034 /* Base */,
			);
			name = LaunchScreen.storyboard;
			sourceTree = "<group>";
		};
/* End PBXVariantGroup section */

/* Begin XCBuildConfiguration section */
		9F204C1E211A65E300678034 /* Debug */ = {
			isa = XCBuildConfiguration;
			buildSettings = {
				ALWAYS_SEARCH_USER_PATHS = NO;
				CLANG_ANALYZER_NONNULL = YES;
				CLANG_ANALYZER_NUMBER_OBJECT_CONVERSION = YES_AGGRESSIVE;
				CLANG_CXX_LANGUAGE_STANDARD = "gnu++14";
				CLANG_CXX_LIBRARY = "libc++";
				CLANG_ENABLE_MODULES = YES;
				CLANG_ENABLE_OBJC_ARC = YES;
				CLANG_ENABLE_OBJC_WEAK = YES;
				CLANG_WARN_BLOCK_CAPTURE_AUTORELEASING = YES;
				CLANG_WARN_BOOL_CONVERSION = YES;
				CLANG_WARN_COMMA = YES;
				CLANG_WARN_CONSTANT_CONVERSION = YES;
				CLANG_WARN_DEPRECATED_OBJC_IMPLEMENTATIONS = YES;
				CLANG_WARN_DIRECT_OBJC_ISA_USAGE = YES_ERROR;
				CLANG_WARN_DOCUMENTATION_COMMENTS = YES;
				CLANG_WARN_EMPTY_BODY = YES;
				CLANG_WARN_ENUM_CONVERSION = YES;
				CLANG_WARN_INFINITE_RECURSION = YES;
				CLANG_WARN_INT_CONVERSION = YES;
				CLANG_WARN_NON_LITERAL_NULL_CONVERSION = YES;
				CLANG_WARN_OBJC_IMPLICIT_RETAIN_SELF = YES;
				CLANG_WARN_OBJC_LITERAL_CONVERSION = YES;
				CLANG_WARN_OBJC_ROOT_CLASS = YES_ERROR;
				CLANG_WARN_RANGE_LOOP_ANALYSIS = YES;
				CLANG_WARN_STRICT_PROTOTYPES = YES;
				CLANG_WARN_SUSPICIOUS_MOVE = YES;
				CLANG_WARN_UNGUARDED_AVAILABILITY = YES_AGGRESSIVE;
				CLANG_WARN_UNREACHABLE_CODE = YES;
				CLANG_WARN__DUPLICATE_METHOD_MATCH = YES;
				CODE_SIGN_IDENTITY = "iPhone Developer";
				COPY_PHASE_STRIP = NO;
				DEBUG_INFORMATION_FORMAT = dwarf;
				ENABLE_STRICT_OBJC_MSGSEND = YES;
				ENABLE_TESTABILITY = YES;
				GCC_C_LANGUAGE_STANDARD = gnu11;
				GCC_DYNAMIC_NO_PIC = NO;
				GCC_NO_COMMON_BLOCKS = YES;
				GCC_OPTIMIZATION_LEVEL = 0;
				GCC_PREPROCESSOR_DEFINITIONS = (
					"DEBUG=1",
					"$(inherited)",
				);
				GCC_WARN_64_TO_32_BIT_CONVERSION = YES;
				GCC_WARN_ABOUT_RETURN_TYPE = YES_ERROR;
				GCC_WARN_UNDECLARED_SELECTOR = YES;
				GCC_WARN_UNINITIALIZED_AUTOS = YES_AGGRESSIVE;
				GCC_WARN_UNUSED_FUNCTION = YES;
				GCC_WARN_UNUSED_VARIABLE = YES;
				IPHONEOS_DEPLOYMENT_TARGET = 11.4;
				MTL_ENABLE_DEBUG_INFO = YES;
				ONLY_ACTIVE_ARCH = YES;
				SDKROOT = iphoneos;
				SWIFT_ACTIVE_COMPILATION_CONDITIONS = DEBUG;
				SWIFT_OPTIMIZATION_LEVEL = "-Onone";
			};
			name = Debug;
		};
		9F204C1F211A65E300678034 /* Release */ = {
			isa = XCBuildConfiguration;
			buildSettings = {
				ALWAYS_SEARCH_USER_PATHS = NO;
				CLANG_ANALYZER_NONNULL = YES;
				CLANG_ANALYZER_NUMBER_OBJECT_CONVERSION = YES_AGGRESSIVE;
				CLANG_CXX_LANGUAGE_STANDARD = "gnu++14";
				CLANG_CXX_LIBRARY = "libc++";
				CLANG_ENABLE_MODULES = YES;
				CLANG_ENABLE_OBJC_ARC = YES;
				CLANG_ENABLE_OBJC_WEAK = YES;
				CLANG_WARN_BLOCK_CAPTURE_AUTORELEASING = YES;
				CLANG_WARN_BOOL_CONVERSION = YES;
				CLANG_WARN_COMMA = YES;
				CLANG_WARN_CONSTANT_CONVERSION = YES;
				CLANG_WARN_DEPRECATED_OBJC_IMPLEMENTATIONS = YES;
				CLANG_WARN_DIRECT_OBJC_ISA_USAGE = YES_ERROR;
				CLANG_WARN_DOCUMENTATION_COMMENTS = YES;
				CLANG_WARN_EMPTY_BODY = YES;
				CLANG_WARN_ENUM_CONVERSION = YES;
				CLANG_WARN_INFINITE_RECURSION = YES;
				CLANG_WARN_INT_CONVERSION = YES;
				CLANG_WARN_NON_LITERAL_NULL_CONVERSION = YES;
				CLANG_WARN_OBJC_IMPLICIT_RETAIN_SELF = YES;
				CLANG_WARN_OBJC_LITERAL_CONVERSION = YES;
				CLANG_WARN_OBJC_ROOT_CLASS = YES_ERROR;
				CLANG_WARN_RANGE_LOOP_ANALYSIS = YES;
				CLANG_WARN_STRICT_PROTOTYPES = YES;
				CLANG_WARN_SUSPICIOUS_MOVE = YES;
				CLANG_WARN_UNGUARDED_AVAILABILITY = YES_AGGRESSIVE;
				CLANG_WARN_UNREACHABLE_CODE = YES;
				CLANG_WARN__DUPLICATE_METHOD_MATCH = YES;
				CODE_SIGN_IDENTITY = "iPhone Developer";
				COPY_PHASE_STRIP = NO;
				DEBUG_INFORMATION_FORMAT = "dwarf-with-dsym";
				ENABLE_NS_ASSERTIONS = NO;
				ENABLE_STRICT_OBJC_MSGSEND = YES;
				GCC_C_LANGUAGE_STANDARD = gnu11;
				GCC_NO_COMMON_BLOCKS = YES;
				GCC_WARN_64_TO_32_BIT_CONVERSION = YES;
				GCC_WARN_ABOUT_RETURN_TYPE = YES_ERROR;
				GCC_WARN_UNDECLARED_SELECTOR = YES;
				GCC_WARN_UNINITIALIZED_AUTOS = YES_AGGRESSIVE;
				GCC_WARN_UNUSED_FUNCTION = YES;
				GCC_WARN_UNUSED_VARIABLE = YES;
				IPHONEOS_DEPLOYMENT_TARGET = 11.4;
				MTL_ENABLE_DEBUG_INFO = NO;
				SDKROOT = iphoneos;
				SWIFT_COMPILATION_MODE = wholemodule;
				SWIFT_OPTIMIZATION_LEVEL = "-O";
				VALIDATE_PRODUCT = YES;
			};
			name = Release;
		};
		9F204C21211A65E300678034 /* Debug */ = {
			isa = XCBuildConfiguration;
			buildSettings = {
				ASSETCATALOG_COMPILER_APPICON_NAME = AppIcon;
				CODE_SIGN_STYLE = Automatic;
				DEVELOPMENT_TEAM = F72JLZV5D6;
				INFOPLIST_FILE = Homepwner/Info.plist;
				LD_RUNPATH_SEARCH_PATHS = (
					"$(inherited)",
					"@executable_path/Frameworks",
				);
				PRODUCT_BUNDLE_IDENTIFIER = com.MEEEEE.Homepwner;
				PRODUCT_NAME = "$(TARGET_NAME)";
				SWIFT_VERSION = 4.0;
				TARGETED_DEVICE_FAMILY = "1,2";
			};
			name = Debug;
		};
		9F204C22211A65E300678034 /* Release */ = {
			isa = XCBuildConfiguration;
			buildSettings = {
				ASSETCATALOG_COMPILER_APPICON_NAME = AppIcon;
				CODE_SIGN_STYLE = Automatic;
				DEVELOPMENT_TEAM = F72JLZV5D6;
				INFOPLIST_FILE = Homepwner/Info.plist;
				LD_RUNPATH_SEARCH_PATHS = (
					"$(inherited)",
					"@executable_path/Frameworks",
				);
				PRODUCT_BUNDLE_IDENTIFIER = com.MEEEEE.Homepwner;
				PRODUCT_NAME = "$(TARGET_NAME)";
				SWIFT_VERSION = 4.0;
				TARGETED_DEVICE_FAMILY = "1,2";
			};
			name = Release;
		};
		9F204C24211A65E300678034 /* Debug */ = {
			isa = XCBuildConfiguration;
			buildSettings = {
				ALWAYS_EMBED_SWIFT_STANDARD_LIBRARIES = YES;
				BUNDLE_LOADER = "$(TEST_HOST)";
				CODE_SIGN_STYLE = Automatic;
				INFOPLIST_FILE = HomepwnerTests/Info.plist;
				LD_RUNPATH_SEARCH_PATHS = (
					"$(inherited)",
					"@executable_path/Frameworks",
					"@loader_path/Frameworks",
				);
				PRODUCT_BUNDLE_IDENTIFIER = com.MEEEEE.HomepwnerTests;
				PRODUCT_NAME = "$(TARGET_NAME)";
				SWIFT_VERSION = 4.0;
				TARGETED_DEVICE_FAMILY = "1,2";
				TEST_HOST = "$(BUILT_PRODUCTS_DIR)/Homepwner.app/Homepwner";
			};
			name = Debug;
		};
		9F204C25211A65E300678034 /* Release */ = {
			isa = XCBuildConfiguration;
			buildSettings = {
				ALWAYS_EMBED_SWIFT_STANDARD_LIBRARIES = YES;
				BUNDLE_LOADER = "$(TEST_HOST)";
				CODE_SIGN_STYLE = Automatic;
				INFOPLIST_FILE = HomepwnerTests/Info.plist;
				LD_RUNPATH_SEARCH_PATHS = (
					"$(inherited)",
					"@executable_path/Frameworks",
					"@loader_path/Frameworks",
				);
				PRODUCT_BUNDLE_IDENTIFIER = com.MEEEEE.HomepwnerTests;
				PRODUCT_NAME = "$(TARGET_NAME)";
				SWIFT_VERSION = 4.0;
				TARGETED_DEVICE_FAMILY = "1,2";
				TEST_HOST = "$(BUILT_PRODUCTS_DIR)/Homepwner.app/Homepwner";
			};
			name = Release;
		};
		9F204C27211A65E300678034 /* Debug */ = {
			isa = XCBuildConfiguration;
			buildSettings = {
				ALWAYS_EMBED_SWIFT_STANDARD_LIBRARIES = YES;
				CODE_SIGN_STYLE = Automatic;
				INFOPLIST_FILE = HomepwnerUITests/Info.plist;
				LD_RUNPATH_SEARCH_PATHS = (
					"$(inherited)",
					"@executable_path/Frameworks",
					"@loader_path/Frameworks",
				);
				PRODUCT_BUNDLE_IDENTIFIER = com.MEEEEE.HomepwnerUITests;
				PRODUCT_NAME = "$(TARGET_NAME)";
				SWIFT_VERSION = 4.0;
				TARGETED_DEVICE_FAMILY = "1,2";
				TEST_TARGET_NAME = Homepwner;
			};
			name = Debug;
		};
		9F204C28211A65E300678034 /* Release */ = {
			isa = XCBuildConfiguration;
			buildSettings = {
				ALWAYS_EMBED_SWIFT_STANDARD_LIBRARIES = YES;
				CODE_SIGN_STYLE = Automatic;
				INFOPLIST_FILE = HomepwnerUITests/Info.plist;
				LD_RUNPATH_SEARCH_PATHS = (
					"$(inherited)",
					"@executable_path/Frameworks",
					"@loader_path/Frameworks",
				);
				PRODUCT_BUNDLE_IDENTIFIER = com.MEEEEE.HomepwnerUITests;
				PRODUCT_NAME = "$(TARGET_NAME)";
				SWIFT_VERSION = 4.0;
				TARGETED_DEVICE_FAMILY = "1,2";
				TEST_TARGET_NAME = Homepwner;
			};
			name = Release;
		};
/* End XCBuildConfiguration section */

/* Begin XCConfigurationList section */
		9F204BF3211A65E200678034 /* Build configuration list for PBXProject "Homepwner" */ = {
			isa = XCConfigurationList;
			buildConfigurations = (
				9F204C1E211A65E300678034 /* Debug */,
				9F204C1F211A65E300678034 /* Release */,
			);
			defaultConfigurationIsVisible = 0;
			defaultConfigurationName = Release;
		};
		9F204C20211A65E300678034 /* Build configuration list for PBXNativeTarget "Homepwner" */ = {
			isa = XCConfigurationList;
			buildConfigurations = (
				9F204C21211A65E300678034 /* Debug */,
				9F204C22211A65E300678034 /* Release */,
			);
			defaultConfigurationIsVisible = 0;
			defaultConfigurationName = Release;
		};
		9F204C23211A65E300678034 /* Build configuration list for PBXNativeTarget "HomepwnerTests" */ = {
			isa = XCConfigurationList;
			buildConfigurations = (
				9F204C24211A65E300678034 /* Debug */,
				9F204C25211A65E300678034 /* Release */,
			);
			defaultConfigurationIsVisible = 0;
			defaultConfigurationName = Release;
		};
		9F204C26211A65E300678034 /* Build configuration list for PBXNativeTarget "HomepwnerUITests" */ = {
			isa = XCConfigurationList;
			buildConfigurations = (
				9F204C27211A65E300678034 /* Debug */,
				9F204C28211A65E300678034 /* Release */,
			);
			defaultConfigurationIsVisible = 0;
			defaultConfigurationName = Release;
		};
/* End XCConfigurationList section */
	};
	rootObject = 9F204BF0211A65E200678034 /* Project object */;
}
